
Microsoft Visual Studio Solution File, Format Version 9.00
# Visual Studio 2005
Project("{54435603-DBB4-11D2-8724-00A0C9A8B90C}") = "SleepEdit", "SleepEdit\SleepEdit.vdproj", "{9689F2D1-9FE5-4007-A21A-301A774975D5}"
EndProject
Global
	GlobalSection(SolutionConfigurationPlatforms) = preSolution
		Debug|Default = Debug|Default
		Release|Default = Release|Default
	EndGlobalSection
	GlobalSection(ProjectConfigurationPlatforms) = postSolution
		{9689F2D1-9FE5-4007-A21A-301A774975D5}.Debug|Default.ActiveCfg = Debug
		{9689F2D1-9FE5-4007-A21A-301A774975D5}.Debug|Default.Build.0 = Debug
		{9689F2D1-9FE5-4007-A21A-301A774975D5}.Release|Default.ActiveCfg = Release
		{9689F2D1-9FE5-4007-A21A-301A774975D5}.Release|Default.Build.0 = Release
	EndGlobalSection
	GlobalSection(SolutionProperties) = preSolution
		HideSolutionNode = FALSE
	EndGlobalSection
EndGlobal
